
Microsoft Visual Studio Solution File, Format Version 11.00
# Visual Studio 2010
Project("{FAE04EC0-301F-11D3-BF4B-00C04F79EFBC}") = "VuforiaScripts", "VuforiaScripts.csproj", "{3FF97C79-7473-5BA2-FF5B-913113118761}"
EndProject
Project("{FAE04EC0-301F-11D3-BF4B-00C04F79EFBC}") = "Assembly-CSharp", "Assembly-CSharp.csproj", "{2D3CFC88-A785-67FB-EAFA-59C91AEB8667}"
EndProject
Project("{FAE04EC0-301F-11D3-BF4B-00C04F79EFBC}") = "VuforiaEditorScripts", "VuforiaEditorScripts.csproj", "{544C0633-708F-310A-709E-B38099870B9A}"
EndProject
Global
	GlobalSection(SolutionConfigurationPlatforms) = preSolution
		Debug|Any CPU = Debug|Any CPU
		Release|Any CPU = Release|Any CPU
	EndGlobalSection
	GlobalSection(ProjectConfigurationPlatforms) = postSolution
		{3FF97C79-7473-5BA2-FF5B-913113118761}.Debug|Any CPU.ActiveCfg = Debug|Any CPU
		{3FF97C79-7473-5BA2-FF5B-913113118761}.Debug|Any CPU.Build.0 = Debug|Any CPU
		{3FF97C79-7473-5BA2-FF5B-913113118761}.Release|Any CPU.ActiveCfg = Release|Any CPU
		{3FF97C79-7473-5BA2-FF5B-913113118761}.Release|Any CPU.Build.0 = Release|Any CPU
		{2D3CFC88-A785-67FB-EAFA-59C91AEB8667}.Debug|Any CPU.ActiveCfg = Debug|Any CPU
		{2D3CFC88-A785-67FB-EAFA-59C91AEB8667}.Debug|Any CPU.Build.0 = Debug|Any CPU
		{2D3CFC88-A785-67FB-EAFA-59C91AEB8667}.Release|Any CPU.ActiveCfg = Release|Any CPU
		{2D3CFC88-A785-67FB-EAFA-59C91AEB8667}.Release|Any CPU.Build.0 = Release|Any CPU
		{544C0633-708F-310A-709E-B38099870B9A}.Debug|Any CPU.ActiveCfg = Debug|Any CPU
		{544C0633-708F-310A-709E-B38099870B9A}.Debug|Any CPU.Build.0 = Debug|Any CPU
		{544C0633-708F-310A-709E-B38099870B9A}.Release|Any CPU.ActiveCfg = Release|Any CPU
		{544C0633-708F-310A-709E-B38099870B9A}.Release|Any CPU.Build.0 = Release|Any CPU
	EndGlobalSection
	GlobalSection(SolutionProperties) = preSolution
		HideSolutionNode = FALSE
	EndGlobalSection
	GlobalSection(MonoDevelopProperties) = preSolution
		StartupItem = Assembly-CSharp.csproj
	EndGlobalSection
EndGlobal
